
Microsoft Visual Studio Solution File, Format Version 12.00
# Visual Studio Version 16
VisualStudioVersion = 16.0.30621.155
MinimumVisualStudioVersion = 10.0.40219.1
Project("{FAE04EC0-301F-11D3-BF4B-00C04F79EFBC}") = "AccountManagementSystem", "AccountManagementSystem\AccountManagementSystem.csproj", "{06057FAE-C1A8-4184-B361-7D0B33664C6C}"
EndProject
Global
	GlobalSection(SolutionConfigurationPlatforms) = preSolution
		Debug|Any CPU = Debug|Any CPU
		Release|Any CPU = Release|Any CPU
	EndGlobalSection
	GlobalSection(ProjectConfigurationPlatforms) = postSolution
		{06057FAE-C1A8-4184-B361-7D0B33664C6C}.Debug|Any CPU.ActiveCfg = Debug|Any CPU
		{06057FAE-C1A8-4184-B361-7D0B33664C6C}.Debug|Any CPU.Build.0 = Debug|Any CPU
		{06057FAE-C1A8-4184-B361-7D0B33664C6C}.Release|Any CPU.ActiveCfg = Release|Any CPU
		{06057FAE-C1A8-4184-B361-7D0B33664C6C}.Release|Any CPU.Build.0 = Release|Any CPU
	EndGlobalSection
	GlobalSection(SolutionProperties) = preSolution
		HideSolutionNode = FALSE
	EndGlobalSection
	GlobalSection(ExtensibilityGlobals) = postSolution
		SolutionGuid = {E2AF5FDF-04EC-48C0-ABF3-8D8A4713D113}
	EndGlobalSection
EndGlobal
